
Microsoft Visual Studio Solution File, Format Version 12.00
# Visual Studio Version 17
VisualStudioVersion = 17.9.34728.123
MinimumVisualStudioVersion = 10.0.40219.1
Project("{8BC9CEB8-8B4A-11D0-8D11-00A0C91BC942}") = "PSCR_C1", "PSCR_C1\PSCR_C1.vcxproj", "{E295EE55-D51D-42CF-B2FF-DA4C0639CC4A}"
EndProject
Global
	GlobalSection(SolutionConfigurationPlatforms) = preSolution
		Debug|x64 = Debug|x64
		Debug|x86 = Debug|x86
		Release|x64 = Release|x64
		Release|x86 = Release|x86
	EndGlobalSection
	GlobalSection(ProjectConfigurationPlatforms) = postSolution
		{E295EE55-D51D-42CF-B2FF-DA4C0639CC4A}.Debug|x64.ActiveCfg = Debug|x64
		{E295EE55-D51D-42CF-B2FF-DA4C0639CC4A}.Debug|x64.Build.0 = Debug|x64
		{E295EE55-D51D-42CF-B2FF-DA4C0639CC4A}.Debug|x86.ActiveCfg = Debug|Win32
		{E295EE55-D51D-42CF-B2FF-DA4C0639CC4A}.Debug|x86.Build.0 = Debug|Win32
		{E295EE55-D51D-42CF-B2FF-DA4C0639CC4A}.Release|x64.ActiveCfg = Release|x64
		{E295EE55-D51D-42CF-B2FF-DA4C0639CC4A}.Release|x64.Build.0 = Release|x64
		{E295EE55-D51D-42CF-B2FF-DA4C0639CC4A}.Release|x86.ActiveCfg = Release|Win32
		{E295EE55-D51D-42CF-B2FF-DA4C0639CC4A}.Release|x86.Build.0 = Release|Win32
	EndGlobalSection
	GlobalSection(SolutionProperties) = preSolution
		HideSolutionNode = FALSE
	EndGlobalSection
	GlobalSection(ExtensibilityGlobals) = postSolution
		SolutionGuid = {97B8ACC9-9FEB-4E89-A855-B64826F5AA69}
	EndGlobalSection
EndGlobal
